
Microsoft Visual Studio Solution File, Format Version 12.00
# Visual Studio Version 17
VisualStudioVersion = 17.11.35327.3
MinimumVisualStudioVersion = 10.0.40219.1
Project("{2150E333-8FDC-42A3-9474-1A3956D46DE8}") = "Task0", "Task0", "{96F6BFF8-8E49-440E-8BED-292389F8AE08}"
EndProject
Project("{9A19103F-16F7-4668-BE54-9A1E7A4F7556}") = "Tyuiu.KovyazinAA.Sprint2.Task0.V1", "Tyuiu.KovyazinAA.Sprint2.Task0.V1\Tyuiu.KovyazinAA.Sprint2.Task0.V1.csproj", "{C9FDE63C-6DD9-4061-8085-15D3BBF20162}"
EndProject
Project("{9A19103F-16F7-4668-BE54-9A1E7A4F7556}") = "Tyuiu.KovyazinAA.Sprint2.Task0.V1.Test", "Tyuiu.KovyazinAA.Sprint2.Task0.V1.Test\Tyuiu.KovyazinAA.Sprint2.Task0.V1.Test.csproj", "{AE7E8FE6-0753-4937-B714-0A5E1AB62021}"
EndProject
Project("{9A19103F-16F7-4668-BE54-9A1E7A4F7556}") = "Tyuiu.KovyazinAA.Sprint2.Task0.V1.Lib", "Tyuiu.KovyazinAA.Sprint2.Task0.V1.Lib\Tyuiu.KovyazinAA.Sprint2.Task0.V1.Lib.csproj", "{26B350E5-F9AC-4D0B-9E79-4B457B46A381}"
EndProject
Project("{2150E333-8FDC-42A3-9474-1A3956D46DE8}") = "Task1", "Task1", "{8F0A7232-6875-462E-891B-D2FA8A014343}"
EndProject
Project("{9A19103F-16F7-4668-BE54-9A1E7A4F7556}") = "Tyuiu.KovyazinAA.Sprint2.Task1.V19", "Tyuiu.KovyazinAA.Sprint2.Task1.V19\Tyuiu.KovyazinAA.Sprint2.Task1.V19.csproj", "{919629C1-0105-495B-B1E1-17C0424BAFF7}"
EndProject
Project("{9A19103F-16F7-4668-BE54-9A1E7A4F7556}") = "Tyuiu.KovyazinAA.Sprint2.Task1.V19.Lib", "Tyuiu.KovyazinAA.Sprint2.Task1.V19.Lib\Tyuiu.KovyazinAA.Sprint2.Task1.V19.Lib.csproj", "{64B166C4-82B6-4BA8-943C-ED867945881A}"
EndProject
Project("{9A19103F-16F7-4668-BE54-9A1E7A4F7556}") = "Tyuiu.KovyazinAA.Sprint2.Task1.V19.Test", "Tyuiu.KovyazinAA.Sprint2.Task1.V19.Test\Tyuiu.KovyazinAA.Sprint2.Task1.V19.Test.csproj", "{2FE3EC00-A7A4-4EA7-970F-9B8F241513B3}"
EndProject
Project("{2150E333-8FDC-42A3-9474-1A3956D46DE8}") = "Task2", "Task2", "{9E194EF4-8153-4343-8B93-6A12E7D3C21F}"
EndProject
Project("{9A19103F-16F7-4668-BE54-9A1E7A4F7556}") = "Tyuiu.KovyazinAA.Sprint2.Task2.V25", "Tyuiu.KovyazinAA.Sprint2.Task2.V25\Tyuiu.KovyazinAA.Sprint2.Task2.V25.csproj", "{7D75E3FC-BA17-45C8-90E5-2D166701EB84}"
EndProject
Project("{9A19103F-16F7-4668-BE54-9A1E7A4F7556}") = "Tyuiu.KovyazinAA.Sprint2.Task2.V25.Lib", "Tyuiu.KovyazinAA.Sprint2.Task2.V25.Lib\Tyuiu.KovyazinAA.Sprint2.Task2.V25.Lib.csproj", "{9BF2688F-8F88-4675-BEF3-26FEBB5D7F01}"
EndProject
Project("{9A19103F-16F7-4668-BE54-9A1E7A4F7556}") = "Tyuiu.KovyazinAA.Sprint2.Task2.V25.Test", "Tyuiu.KovyazinAA.Sprint2.Task2.V25.Test\Tyuiu.KovyazinAA.Sprint2.Task2.V25.Test.csproj", "{867C8073-9532-4745-BD95-673C3AC481AC}"
EndProject
Project("{2150E333-8FDC-42A3-9474-1A3956D46DE8}") = "Task3", "Task3", "{40432C80-09CB-488E-BA35-D3D38F39E482}"
EndProject
Project("{9A19103F-16F7-4668-BE54-9A1E7A4F7556}") = "Tyuiu.KovyazinAA.Sprint2.Task3.V4", "Tyuiu.KovyazinAA.Sprint2.Task3.V4\Tyuiu.KovyazinAA.Sprint2.Task3.V4.csproj", "{D49712BD-B35D-4F09-B51D-DB42C452FCAD}"
EndProject
Project("{9A19103F-16F7-4668-BE54-9A1E7A4F7556}") = "Tyuiu.KovyazinAA.Sprint2.Task3.V4.Lib", "Tyuiu.KovyazinAA.Sprint2.Task3.V4.Lib\Tyuiu.KovyazinAA.Sprint2.Task3.V4.Lib.csproj", "{5433A285-0E93-4546-993F-243D39401176}"
EndProject
Project("{9A19103F-16F7-4668-BE54-9A1E7A4F7556}") = "Tyuiu.KovyazinAA.Sprint2.Task3.V4.Test", "Tyuiu.KovyazinAA.Sprint2.Task3.V4.Test\Tyuiu.KovyazinAA.Sprint2.Task3.V4.Test.csproj", "{0C3C32BC-B9D3-4FA8-965F-4B6BD87CD3A1}"
EndProject
Project("{2150E333-8FDC-42A3-9474-1A3956D46DE8}") = "Task4", "Task4", "{C30EC5E1-A9F8-4238-BCFD-69DF34FF3171}"
EndProject
Project("{9A19103F-16F7-4668-BE54-9A1E7A4F7556}") = "Tyuiu.KovyazinAA.Sprint2.Task4.V11", "Tyuiu.KovyazinAA.Sprint2.Task4.V11\Tyuiu.KovyazinAA.Sprint2.Task4.V11.csproj", "{31C05074-9352-4107-8FD6-E83B0E418813}"
EndProject
Project("{9A19103F-16F7-4668-BE54-9A1E7A4F7556}") = "Tyuiu.KovyazinAA.Sprint2.Task4.V11.Lib", "Tyuiu.KovyazinAA.Sprint2.Task4.V11.Lib\Tyuiu.KovyazinAA.Sprint2.Task4.V11.Lib.csproj", "{E52F99E0-EBBA-453E-A077-AC9AAC594225}"
EndProject
Project("{9A19103F-16F7-4668-BE54-9A1E7A4F7556}") = "Tyuiu.KovyazinAA.Sprint2.Task4.V11.Test", "Tyuiu.KovyazinAA.Sprint2.Task4.V11.Test\Tyuiu.KovyazinAA.Sprint2.Task4.V11.Test.csproj", "{E81170A9-013E-4145-845B-309071BDB1DC}"
EndProject
Project("{2150E333-8FDC-42A3-9474-1A3956D46DE8}") = "Task5", "Task5", "{51EDF32C-DDB8-417D-9AA4-F9BF1BF79E73}"
EndProject
Project("{9A19103F-16F7-4668-BE54-9A1E7A4F7556}") = "Tyuiu.KovyazinAA.Sprint2.Task5.V6", "Tyuiu.KovyazinAA.Sprint2.Task5.V6\Tyuiu.KovyazinAA.Sprint2.Task5.V6.csproj", "{0CD131DF-8EF4-4ACB-BBF4-ABD597F7BA10}"
EndProject
Project("{9A19103F-16F7-4668-BE54-9A1E7A4F7556}") = "Tyuiu.KovyazinAA.Sprint2.Task5.V6.Lib", "Tyuiu.KovyazinAA.Sprint2.Task5.V6.Lib\Tyuiu.KovyazinAA.Sprint2.Task5.V6.Lib.csproj", "{D65D78C7-D181-4FFC-B117-D5E369B775F8}"
EndProject
Project("{9A19103F-16F7-4668-BE54-9A1E7A4F7556}") = "Tyuiu.KovyazinAA.Sprint2.Task5.V6.Test", "Tyuiu.KovyazinAA.Sprint2.Task5.V6.Test\Tyuiu.KovyazinAA.Sprint2.Task5.V6.Test.csproj", "{7ABCD0C1-42A0-4710-8E00-E4BF57449DA9}"
EndProject
Project("{2150E333-8FDC-42A3-9474-1A3956D46DE8}") = "Task6", "Task6", "{0D343BE4-7C35-4AE2-8643-F4A403136F75}"
EndProject
Project("{FAE04EC0-301F-11D3-BF4B-00C04F79EFBC}") = "Tyuiu.KovyazinAA.Sprint2.Task6.V11", "Tyuiu.KovyazinAA.Sprint2.Task6.V11\Tyuiu.KovyazinAA.Sprint2.Task6.V11.csproj", "{BD2AD703-BE5A-4875-80AA-D0935198F009}"
EndProject
Project("{FAE04EC0-301F-11D3-BF4B-00C04F79EFBC}") = "Tyuiu.KovyazinAA.Sprint2.Task6.V11.Lib", "Tyuiu.KovyazinAA.Sprint2.Task6.V11.Lib\Tyuiu.KovyazinAA.Sprint2.Task6.V11.Lib.csproj", "{EA2D6BB0-DBBA-48A3-B965-58DDF81EA99F}"
EndProject
Project("{FAE04EC0-301F-11D3-BF4B-00C04F79EFBC}") = "Tyuiu.KovyazinAA.Sprint2.Task6.V11.Test", "Tyuiu.KovyazinAA.Sprint2.Task6.V11.Test\Tyuiu.KovyazinAA.Sprint2.Task6.V11.Test.csproj", "{E20C4DF9-B3B6-4436-AFEB-482A4E8CF9B8}"
EndProject
Global
	GlobalSection(SolutionConfigurationPlatforms) = preSolution
		Debug|Any CPU = Debug|Any CPU
		Release|Any CPU = Release|Any CPU
	EndGlobalSection
	GlobalSection(ProjectConfigurationPlatforms) = postSolution
		{C9FDE63C-6DD9-4061-8085-15D3BBF20162}.Debug|Any CPU.ActiveCfg = Debug|Any CPU
		{C9FDE63C-6DD9-4061-8085-15D3BBF20162}.Debug|Any CPU.Build.0 = Debug|Any CPU
		{C9FDE63C-6DD9-4061-8085-15D3BBF20162}.Release|Any CPU.ActiveCfg = Release|Any CPU
		{C9FDE63C-6DD9-4061-8085-15D3BBF20162}.Release|Any CPU.Build.0 = Release|Any CPU
		{AE7E8FE6-0753-4937-B714-0A5E1AB62021}.Debug|Any CPU.ActiveCfg = Debug|Any CPU
		{AE7E8FE6-0753-4937-B714-0A5E1AB62021}.Debug|Any CPU.Build.0 = Debug|Any CPU
		{AE7E8FE6-0753-4937-B714-0A5E1AB62021}.Release|Any CPU.ActiveCfg = Release|Any CPU
		{AE7E8FE6-0753-4937-B714-0A5E1AB62021}.Release|Any CPU.Build.0 = Release|Any CPU
		{26B350E5-F9AC-4D0B-9E79-4B457B46A381}.Debug|Any CPU.ActiveCfg = Debug|Any CPU
		{26B350E5-F9AC-4D0B-9E79-4B457B46A381}.Debug|Any CPU.Build.0 = Debug|Any CPU
		{26B350E5-F9AC-4D0B-9E79-4B457B46A381}.Release|Any CPU.ActiveCfg = Release|Any CPU
		{26B350E5-F9AC-4D0B-9E79-4B457B46A381}.Release|Any CPU.Build.0 = Release|Any CPU
		{919629C1-0105-495B-B1E1-17C0424BAFF7}.Debug|Any CPU.ActiveCfg = Debug|Any CPU
		{919629C1-0105-495B-B1E1-17C0424BAFF7}.Debug|Any CPU.Build.0 = Debug|Any CPU
		{919629C1-0105-495B-B1E1-17C0424BAFF7}.Release|Any CPU.ActiveCfg = Release|Any CPU
		{919629C1-0105-495B-B1E1-17C0424BAFF7}.Release|Any CPU.Build.0 = Release|Any CPU
		{64B166C4-82B6-4BA8-943C-ED867945881A}.Debug|Any CPU.ActiveCfg = Debug|Any CPU
		{64B166C4-82B6-4BA8-943C-ED867945881A}.Debug|Any CPU.Build.0 = Debug|Any CPU
		{64B166C4-82B6-4BA8-943C-ED867945881A}.Release|Any CPU.ActiveCfg = Release|Any CPU
		{64B166C4-82B6-4BA8-943C-ED867945881A}.Release|Any CPU.Build.0 = Release|Any CPU
		{2FE3EC00-A7A4-4EA7-970F-9B8F241513B3}.Debug|Any CPU.ActiveCfg = Debug|Any CPU
		{2FE3EC00-A7A4-4EA7-970F-9B8F241513B3}.Debug|Any CPU.Build.0 = Debug|Any CPU
		{2FE3EC00-A7A4-4EA7-970F-9B8F241513B3}.Release|Any CPU.ActiveCfg = Release|Any CPU
		{2FE3EC00-A7A4-4EA7-970F-9B8F241513B3}.Release|Any CPU.Build.0 = Release|Any CPU
		{7D75E3FC-BA17-45C8-90E5-2D166701EB84}.Debug|Any CPU.ActiveCfg = Debug|Any CPU
		{7D75E3FC-BA17-45C8-90E5-2D166701EB84}.Debug|Any CPU.Build.0 = Debug|Any CPU
		{7D75E3FC-BA17-45C8-90E5-2D166701EB84}.Release|Any CPU.ActiveCfg = Release|Any CPU
		{7D75E3FC-BA17-45C8-90E5-2D166701EB84}.Release|Any CPU.Build.0 = Release|Any CPU
		{9BF2688F-8F88-4675-BEF3-26FEBB5D7F01}.Debug|Any CPU.ActiveCfg = Debug|Any CPU
		{9BF2688F-8F88-4675-BEF3-26FEBB5D7F01}.Debug|Any CPU.Build.0 = Debug|Any CPU
		{9BF2688F-8F88-4675-BEF3-26FEBB5D7F01}.Release|Any CPU.ActiveCfg = Release|Any CPU
		{9BF2688F-8F88-4675-BEF3-26FEBB5D7F01}.Release|Any CPU.Build.0 = Release|Any CPU
		{867C8073-9532-4745-BD95-673C3AC481AC}.Debug|Any CPU.ActiveCfg = Debug|Any CPU
		{867C8073-9532-4745-BD95-673C3AC481AC}.Debug|Any CPU.Build.0 = Debug|Any CPU
		{867C8073-9532-4745-BD95-673C3AC481AC}.Release|Any CPU.ActiveCfg = Release|Any CPU
		{867C8073-9532-4745-BD95-673C3AC481AC}.Release|Any CPU.Build.0 = Release|Any CPU
		{D49712BD-B35D-4F09-B51D-DB42C452FCAD}.Debug|Any CPU.ActiveCfg = Debug|Any CPU
		{D49712BD-B35D-4F09-B51D-DB42C452FCAD}.Debug|Any CPU.Build.0 = Debug|Any CPU
		{D49712BD-B35D-4F09-B51D-DB42C452FCAD}.Release|Any CPU.ActiveCfg = Release|Any CPU
		{D49712BD-B35D-4F09-B51D-DB42C452FCAD}.Release|Any CPU.Build.0 = Release|Any CPU
		{5433A285-0E93-4546-993F-243D39401176}.Debug|Any CPU.ActiveCfg = Debug|Any CPU
		{5433A285-0E93-4546-993F-243D39401176}.Debug|Any CPU.Build.0 = Debug|Any CPU
		{5433A285-0E93-4546-993F-243D39401176}.Release|Any CPU.ActiveCfg = Release|Any CPU
		{5433A285-0E93-4546-993F-243D39401176}.Release|Any CPU.Build.0 = Release|Any CPU
		{0C3C32BC-B9D3-4FA8-965F-4B6BD87CD3A1}.Debug|Any CPU.ActiveCfg = Debug|Any CPU
		{0C3C32BC-B9D3-4FA8-965F-4B6BD87CD3A1}.Debug|Any CPU.Build.0 = Debug|Any CPU
		{0C3C32BC-B9D3-4FA8-965F-4B6BD87CD3A1}.Release|Any CPU.ActiveCfg = Release|Any CPU
		{0C3C32BC-B9D3-4FA8-965F-4B6BD87CD3A1}.Release|Any CPU.Build.0 = Release|Any CPU
		{31C05074-9352-4107-8FD6-E83B0E418813}.Debug|Any CPU.ActiveCfg = Debug|Any CPU
		{31C05074-9352-4107-8FD6-E83B0E418813}.Debug|Any CPU.Build.0 = Debug|Any CPU
		{31C05074-9352-4107-8FD6-E83B0E418813}.Release|Any CPU.ActiveCfg = Release|Any CPU
		{31C05074-9352-4107-8FD6-E83B0E418813}.Release|Any CPU.Build.0 = Release|Any CPU
		{E52F99E0-EBBA-453E-A077-AC9AAC594225}.Debug|Any CPU.ActiveCfg = Debug|Any CPU
		{E52F99E0-EBBA-453E-A077-AC9AAC594225}.Debug|Any CPU.Build.0 = Debug|Any CPU
		{E52F99E0-EBBA-453E-A077-AC9AAC594225}.Release|Any CPU.ActiveCfg = Release|Any CPU
		{E52F99E0-EBBA-453E-A077-AC9AAC594225}.Release|Any CPU.Build.0 = Release|Any CPU
		{E81170A9-013E-4145-845B-309071BDB1DC}.Debug|Any CPU.ActiveCfg = Debug|Any CPU
		{E81170A9-013E-4145-845B-309071BDB1DC}.Debug|Any CPU.Build.0 = Debug|Any CPU
		{E81170A9-013E-4145-845B-309071BDB1DC}.Release|Any CPU.ActiveCfg = Release|Any CPU
		{E81170A9-013E-4145-845B-309071BDB1DC}.Release|Any CPU.Build.0 = Release|Any CPU
		{0CD131DF-8EF4-4ACB-BBF4-ABD597F7BA10}.Debug|Any CPU.ActiveCfg = Debug|Any CPU
		{0CD131DF-8EF4-4ACB-BBF4-ABD597F7BA10}.Debug|Any CPU.Build.0 = Debug|Any CPU
		{0CD131DF-8EF4-4ACB-BBF4-ABD597F7BA10}.Release|Any CPU.ActiveCfg = Release|Any CPU
		{0CD131DF-8EF4-4ACB-BBF4-ABD597F7BA10}.Release|Any CPU.Build.0 = Release|Any CPU
		{D65D78C7-D181-4FFC-B117-D5E369B775F8}.Debug|Any CPU.ActiveCfg = Debug|Any CPU
		{D65D78C7-D181-4FFC-B117-D5E369B775F8}.Debug|Any CPU.Build.0 = Debug|Any CPU
		{D65D78C7-D181-4FFC-B117-D5E369B775F8}.Release|Any CPU.ActiveCfg = Release|Any CPU
		{D65D78C7-D181-4FFC-B117-D5E369B775F8}.Release|Any CPU.Build.0 = Release|Any CPU
		{7ABCD0C1-42A0-4710-8E00-E4BF57449DA9}.Debug|Any CPU.ActiveCfg = Debug|Any CPU
		{7ABCD0C1-42A0-4710-8E00-E4BF57449DA9}.Debug|Any CPU.Build.0 = Debug|Any CPU
		{7ABCD0C1-42A0-4710-8E00-E4BF57449DA9}.Release|Any CPU.ActiveCfg = Release|Any CPU
		{7ABCD0C1-42A0-4710-8E00-E4BF57449DA9}.Release|Any CPU.Build.0 = Release|Any CPU
		{BD2AD703-BE5A-4875-80AA-D0935198F009}.Debug|Any CPU.ActiveCfg = Debug|Any CPU
		{BD2AD703-BE5A-4875-80AA-D0935198F009}.Debug|Any CPU.Build.0 = Debug|Any CPU
		{BD2AD703-BE5A-4875-80AA-D0935198F009}.Release|Any CPU.ActiveCfg = Release|Any CPU
		{BD2AD703-BE5A-4875-80AA-D0935198F009}.Release|Any CPU.Build.0 = Release|Any CPU
		{EA2D6BB0-DBBA-48A3-B965-58DDF81EA99F}.Debug|Any CPU.ActiveCfg = Debug|Any CPU
		{EA2D6BB0-DBBA-48A3-B965-58DDF81EA99F}.Debug|Any CPU.Build.0 = Debug|Any CPU
		{EA2D6BB0-DBBA-48A3-B965-58DDF81EA99F}.Release|Any CPU.ActiveCfg = Release|Any CPU
		{EA2D6BB0-DBBA-48A3-B965-58DDF81EA99F}.Release|Any CPU.Build.0 = Release|Any CPU
		{E20C4DF9-B3B6-4436-AFEB-482A4E8CF9B8}.Debug|Any CPU.ActiveCfg = Debug|Any CPU
		{E20C4DF9-B3B6-4436-AFEB-482A4E8CF9B8}.Debug|Any CPU.Build.0 = Debug|Any CPU
		{E20C4DF9-B3B6-4436-AFEB-482A4E8CF9B8}.Release|Any CPU.ActiveCfg = Release|Any CPU
		{E20C4DF9-B3B6-4436-AFEB-482A4E8CF9B8}.Release|Any CPU.Build.0 = Release|Any CPU
	EndGlobalSection
	GlobalSection(SolutionProperties) = preSolution
		HideSolutionNode = FALSE
	EndGlobalSection
	GlobalSection(NestedProjects) = preSolution
		{C9FDE63C-6DD9-4061-8085-15D3BBF20162} = {96F6BFF8-8E49-440E-8BED-292389F8AE08}
		{AE7E8FE6-0753-4937-B714-0A5E1AB62021} = {96F6BFF8-8E49-440E-8BED-292389F8AE08}
		{26B350E5-F9AC-4D0B-9E79-4B457B46A381} = {96F6BFF8-8E49-440E-8BED-292389F8AE08}
		{919629C1-0105-495B-B1E1-17C0424BAFF7} = {8F0A7232-6875-462E-891B-D2FA8A014343}
		{64B166C4-82B6-4BA8-943C-ED867945881A} = {8F0A7232-6875-462E-891B-D2FA8A014343}
		{2FE3EC00-A7A4-4EA7-970F-9B8F241513B3} = {8F0A7232-6875-462E-891B-D2FA8A014343}
		{7D75E3FC-BA17-45C8-90E5-2D166701EB84} = {9E194EF4-8153-4343-8B93-6A12E7D3C21F}
		{9BF2688F-8F88-4675-BEF3-26FEBB5D7F01} = {9E194EF4-8153-4343-8B93-6A12E7D3C21F}
		{867C8073-9532-4745-BD95-673C3AC481AC} = {9E194EF4-8153-4343-8B93-6A12E7D3C21F}
		{D49712BD-B35D-4F09-B51D-DB42C452FCAD} = {40432C80-09CB-488E-BA35-D3D38F39E482}
		{5433A285-0E93-4546-993F-243D39401176} = {40432C80-09CB-488E-BA35-D3D38F39E482}
		{0C3C32BC-B9D3-4FA8-965F-4B6BD87CD3A1} = {40432C80-09CB-488E-BA35-D3D38F39E482}
		{31C05074-9352-4107-8FD6-E83B0E418813} = {C30EC5E1-A9F8-4238-BCFD-69DF34FF3171}
		{E52F99E0-EBBA-453E-A077-AC9AAC594225} = {C30EC5E1-A9F8-4238-BCFD-69DF34FF3171}
		{E81170A9-013E-4145-845B-309071BDB1DC} = {C30EC5E1-A9F8-4238-BCFD-69DF34FF3171}
		{0CD131DF-8EF4-4ACB-BBF4-ABD597F7BA10} = {51EDF32C-DDB8-417D-9AA4-F9BF1BF79E73}
		{D65D78C7-D181-4FFC-B117-D5E369B775F8} = {51EDF32C-DDB8-417D-9AA4-F9BF1BF79E73}
		{7ABCD0C1-42A0-4710-8E00-E4BF57449DA9} = {51EDF32C-DDB8-417D-9AA4-F9BF1BF79E73}
		{BD2AD703-BE5A-4875-80AA-D0935198F009} = {0D343BE4-7C35-4AE2-8643-F4A403136F75}
		{EA2D6BB0-DBBA-48A3-B965-58DDF81EA99F} = {0D343BE4-7C35-4AE2-8643-F4A403136F75}
		{E20C4DF9-B3B6-4436-AFEB-482A4E8CF9B8} = {0D343BE4-7C35-4AE2-8643-F4A403136F75}
	EndGlobalSection
	GlobalSection(ExtensibilityGlobals) = postSolution
		SolutionGuid = {43F063E2-A96D-4527-BC73-B1B7E9F08B62}
	EndGlobalSection
EndGlobal
